
Microsoft Visual Studio Solution File, Format Version 12.00
Project("{FAE04EC0-301F-11D3-BF4B-00C04F79EFBC}") = "GrpcService", "GrpcService\GrpcService.csproj", "{BC4E1354-791F-4EE3-8E85-D4D10633839C}"
EndProject
Global
	GlobalSection(SolutionConfigurationPlatforms) = preSolution
		Debug|Any CPU = Debug|Any CPU
		Release|Any CPU = Release|Any CPU
	EndGlobalSection
	GlobalSection(ProjectConfigurationPlatforms) = postSolution
		{BC4E1354-791F-4EE3-8E85-D4D10633839C}.Debug|Any CPU.ActiveCfg = Debug|Any CPU
		{BC4E1354-791F-4EE3-8E85-D4D10633839C}.Debug|Any CPU.Build.0 = Debug|Any CPU
		{BC4E1354-791F-4EE3-8E85-D4D10633839C}.Release|Any CPU.ActiveCfg = Release|Any CPU
		{BC4E1354-791F-4EE3-8E85-D4D10633839C}.Release|Any CPU.Build.0 = Release|Any CPU
	EndGlobalSection
EndGlobal
